// !$*UTF8*$!
{
	archiveVersion = 1;
	classes = {
	};
	objectVersion = 56;
	objects = {

/* Begin PBXBuildFile section */
		6319A89E2B094739007C69A0 /* AppDelegate.swift in Sources */ = {isa = PBXBuildFile; fileRef = 6319A89D2B094739007C69A0 /* AppDelegate.swift */; };
		6319A8A02B094739007C69A0 /* SceneDelegate.swift in Sources */ = {isa = PBXBuildFile; fileRef = 6319A89F2B094739007C69A0 /* SceneDelegate.swift */; };
		6319A8A22B094739007C69A0 /* UsersViewController.swift in Sources */ = {isa = PBXBuildFile; fileRef = 6319A8A12B094739007C69A0 /* UsersViewController.swift */; };
		6319A8A52B094739007C69A0 /* Main.storyboard in Resources */ = {isa = PBXBuildFile; fileRef = 6319A8A32B094739007C69A0 /* Main.storyboard */; };
		6319A8A72B094739007C69A0 /* Assets.xcassets in Resources */ = {isa = PBXBuildFile; fileRef = 6319A8A62B094739007C69A0 /* Assets.xcassets */; };
		6319A8AA2B094739007C69A0 /* LaunchScreen.storyboard in Resources */ = {isa = PBXBuildFile; fileRef = 6319A8A82B094739007C69A0 /* LaunchScreen.storyboard */; };
		6319A8B52B09473A007C69A0 /* MVPTests.swift in Sources */ = {isa = PBXBuildFile; fileRef = 6319A8B42B09473A007C69A0 /* MVPTests.swift */; };
		6319A8BF2B09473A007C69A0 /* MVPUITests.swift in Sources */ = {isa = PBXBuildFile; fileRef = 6319A8BE2B09473A007C69A0 /* MVPUITests.swift */; };
		6319A8C12B09473A007C69A0 /* MVPUITestsLaunchTests.swift in Sources */ = {isa = PBXBuildFile; fileRef = 6319A8C02B09473A007C69A0 /* MVPUITestsLaunchTests.swift */; };
		6319A8D32B094910007C69A0 /* Presenter.swift in Sources */ = {isa = PBXBuildFile; fileRef = 6319A8D22B094910007C69A0 /* Presenter.swift */; };
		6319A8D52B094ADD007C69A0 /* User.swift in Sources */ = {isa = PBXBuildFile; fileRef = 6319A8D42B094ADD007C69A0 /* User.swift */; };
/* End PBXBuildFile section */

/* Begin PBXContainerItemProxy section */
		6319A8B12B09473A007C69A0 /* PBXContainerItemProxy */ = {
			isa = PBXContainerItemProxy;
			containerPortal = 6319A8922B094739007C69A0 /* Project object */;
			proxyType = 1;
			remoteGlobalIDString = 6319A8992B094739007C69A0;
			remoteInfo = MVP;
		};
		6319A8BB2B09473A007C69A0 /* PBXContainerItemProxy */ = {
			isa = PBXContainerItemProxy;
			containerPortal = 6319A8922B094739007C69A0 /* Project object */;
			proxyType = 1;
			remoteGlobalIDString = 6319A8992B094739007C69A0;
			remoteInfo = MVP;
		};
/* End PBXContainerItemProxy section */

/* Begin PBXFileReference section */
		6319A89A2B094739007C69A0 /* MVP.app */ = {isa = PBXFileReference; explicitFileType = wrapper.application; includeInIndex = 0; path = MVP.app; sourceTree = BUILT_PRODUCTS_DIR; };
		6319A89D2B094739007C69A0 /* AppDelegate.swift */ = {isa = PBXFileReference; lastKnownFileType = sourcecode.swift; path = AppDelegate.swift; sourceTree = "<group>"; };
		6319A89F2B094739007C69A0 /* SceneDelegate.swift */ = {isa = PBXFileReference; lastKnownFileType = sourcecode.swift; path = SceneDelegate.swift; sourceTree = "<group>"; };
		6319A8A12B094739007C69A0 /* UsersViewController.swift */ = {isa = PBXFileReference; lastKnownFileType = sourcecode.swift; path = UsersViewController.swift; sourceTree = "<group>"; };
		6319A8A42B094739007C69A0 /* Base */ = {isa = PBXFileReference; lastKnownFileType = file.storyboard; name = Base; path = Base.lproj/Main.storyboard; sourceTree = "<group>"; };
		6319A8A62B094739007C69A0 /* Assets.xcassets */ = {isa = PBXFileReference; lastKnownFileType = folder.assetcatalog; path = Assets.xcassets; sourceTree = "<group>"; };
		6319A8A92B094739007C69A0 /* Base */ = {isa = PBXFileReference; lastKnownFileType = file.storyboard; name = Base; path = Base.lproj/LaunchScreen.storyboard; sourceTree = "<group>"; };
		6319A8AB2B094739007C69A0 /* Info.plist */ = {isa = PBXFileReference; lastKnownFileType = text.plist.xml; path = Info.plist; sourceTree = "<group>"; };
		6319A8B02B09473A007C69A0 /* MVPTests.xctest */ = {isa = PBXFileReference; explicitFileType = wrapper.cfbundle; includeInIndex = 0; path = MVPTests.xctest; sourceTree = BUILT_PRODUCTS_DIR; };
		6319A8B42B09473A007C69A0 /* MVPTests.swift */ = {isa = PBXFileReference; lastKnownFileType = sourcecode.swift; path = MVPTests.swift; sourceTree = "<group>"; };
		6319A8BA2B09473A007C69A0 /* MVPUITests.xctest */ = {isa = PBXFileReference; explicitFileType = wrapper.cfbundle; includeInIndex = 0; path = MVPUITests.xctest; sourceTree = BUILT_PRODUCTS_DIR; };
		6319A8BE2B09473A007C69A0 /* MVPUITests.swift */ = {isa = PBXFileReference; lastKnownFileType = sourcecode.swift; path = MVPUITests.swift; sourceTree = "<group>"; };
		6319A8C02B09473A007C69A0 /* MVPUITestsLaunchTests.swift */ = {isa = PBXFileReference; lastKnownFileType = sourcecode.swift; path = MVPUITestsLaunchTests.swift; sourceTree = "<group>"; };
		6319A8D22B094910007C69A0 /* Presenter.swift */ = {isa = PBXFileReference; lastKnownFileType = sourcecode.swift; path = Presenter.swift; sourceTree = "<group>"; };
		6319A8D42B094ADD007C69A0 /* User.swift */ = {isa = PBXFileReference; lastKnownFileType = sourcecode.swift; path = User.swift; sourceTree = "<group>"; };
/* End PBXFileReference section */

/* Begin PBXFrameworksBuildPhase section */
		6319A8972B094739007C69A0 /* Frameworks */ = {
			isa = PBXFrameworksBuildPhase;
			buildActionMask = 2147483647;
			files = (
			);
			runOnlyForDeploymentPostprocessing = 0;
		};
		6319A8AD2B09473A007C69A0 /* Frameworks */ = {
			isa = PBXFrameworksBuildPhase;
			buildActionMask = 2147483647;
			files = (
			);
			runOnlyForDeploymentPostprocessing = 0;
		};
		6319A8B72B09473A007C69A0 /* Frameworks */ = {
			isa = PBXFrameworksBuildPhase;
			buildActionMask = 2147483647;
			files = (
			);
			runOnlyForDeploymentPostprocessing = 0;
		};
/* End PBXFrameworksBuildPhase section */

/* Begin PBXGroup section */
		6319A8912B094739007C69A0 = {
			isa = PBXGroup;
			children = (
				6319A89C2B094739007C69A0 /* MVP */,
				6319A8B32B09473A007C69A0 /* MVPTests */,
				6319A8BD2B09473A007C69A0 /* MVPUITests */,
				6319A89B2B094739007C69A0 /* Products */,
			);
			sourceTree = "<group>";
		};
		6319A89B2B094739007C69A0 /* Products */ = {
			isa = PBXGroup;
			children = (
				6319A89A2B094739007C69A0 /* MVP.app */,
				6319A8B02B09473A007C69A0 /* MVPTests.xctest */,
				6319A8BA2B09473A007C69A0 /* MVPUITests.xctest */,
			);
			name = Products;
			sourceTree = "<group>";
		};
		6319A89C2B094739007C69A0 /* MVP */ = {
			isa = PBXGroup;
			children = (
				6319A8CF2B094782007C69A0 /* Presenter */,
				6319A8CE2B094778007C69A0 /* Views */,
				6319A8CD2B094769007C69A0 /* Models */,
				6319A8D02B09485D007C69A0 /* Resources */,
				6319A8D12B094879007C69A0 /* Application */,
			);
			path = MVP;
			sourceTree = "<group>";
		};
		6319A8B32B09473A007C69A0 /* MVPTests */ = {
			isa = PBXGroup;
			children = (
				6319A8B42B09473A007C69A0 /* MVPTests.swift */,
			);
			path = MVPTests;
			sourceTree = "<group>";
		};
		6319A8BD2B09473A007C69A0 /* MVPUITests */ = {
			isa = PBXGroup;
			children = (
				6319A8BE2B09473A007C69A0 /* MVPUITests.swift */,
				6319A8C02B09473A007C69A0 /* MVPUITestsLaunchTests.swift */,
			);
			path = MVPUITests;
			sourceTree = "<group>";
		};
		6319A8CD2B094769007C69A0 /* Models */ = {
			isa = PBXGroup;
			children = (
				6319A8D42B094ADD007C69A0 /* User.swift */,
			);
			path = Models;
			sourceTree = "<group>";
		};
		6319A8CE2B094778007C69A0 /* Views */ = {
			isa = PBXGroup;
			children = (
				6319A8A12B094739007C69A0 /* UsersViewController.swift */,
				6319A8A32B094739007C69A0 /* Main.storyboard */,
			);
			path = Views;
			sourceTree = "<group>";
		};
		6319A8CF2B094782007C69A0 /* Presenter */ = {
			isa = PBXGroup;
			children = (
				6319A8D22B094910007C69A0 /* Presenter.swift */,
			);
			path = Presenter;
			sourceTree = "<group>";
		};
		6319A8D02B09485D007C69A0 /* Resources */ = {
			isa = PBXGroup;
			children = (
				6319A8A62B094739007C69A0 /* Assets.xcassets */,
				6319A8A82B094739007C69A0 /* LaunchScreen.storyboard */,
				6319A8AB2B094739007C69A0 /* Info.plist */,
			);
			path = Resources;
			sourceTree = "<group>";
		};
		6319A8D12B094879007C69A0 /* Application */ = {
			isa = PBXGroup;
			children = (
				6319A89D2B094739007C69A0 /* AppDelegate.swift */,
				6319A89F2B094739007C69A0 /* SceneDelegate.swift */,
			);
			path = Application;
			sourceTree = "<group>";
		};
/* End PBXGroup section */

/* Begin PBXNativeTarget section */
		6319A8992B094739007C69A0 /* MVP */ = {
			isa = PBXNativeTarget;
			buildConfigurationList = 6319A8C42B09473A007C69A0 /* Build configuration list for PBXNativeTarget "MVP" */;
			buildPhases = (
				6319A8962B094739007C69A0 /* Sources */,
				6319A8972B094739007C69A0 /* Frameworks */,
				6319A8982B094739007C69A0 /* Resources */,
			);
			buildRules = (
			);
			dependencies = (
			);
			name = MVP;
			productName = MVP;
			productReference = 6319A89A2B094739007C69A0 /* MVP.app */;
			productType = "com.apple.product-type.application";
		};
		6319A8AF2B09473A007C69A0 /* MVPTests */ = {
			isa = PBXNativeTarget;
			buildConfigurationList = 6319A8C72B09473A007C69A0 /* Build configuration list for PBXNativeTarget "MVPTests" */;
			buildPhases = (
				6319A8AC2B09473A007C69A0 /* Sources */,
				6319A8AD2B09473A007C69A0 /* Frameworks */,
				6319A8AE2B09473A007C69A0 /* Resources */,
			);
			buildRules = (
			);
			dependencies = (
				6319A8B22B09473A007C69A0 /* PBXTargetDependency */,
			);
			name = MVPTests;
			productName = MVPTests;
			productReference = 6319A8B02B09473A007C69A0 /* MVPTests.xctest */;
			productType = "com.apple.product-type.bundle.unit-test";
		};
		6319A8B92B09473A007C69A0 /* MVPUITests */ = {
			isa = PBXNativeTarget;
			buildConfigurationList = 6319A8CA2B09473A007C69A0 /* Build configuration list for PBXNativeTarget "MVPUITests" */;
			buildPhases = (
				6319A8B62B09473A007C69A0 /* Sources */,
				6319A8B72B09473A007C69A0 /* Frameworks */,
				6319A8B82B09473A007C69A0 /* Resources */,
			);
			buildRules = (
			);
			dependencies = (
				6319A8BC2B09473A007C69A0 /* PBXTargetDependency */,
			);
			name = MVPUITests;
			productName = MVPUITests;
			productReference = 6319A8BA2B09473A007C69A0 /* MVPUITests.xctest */;
			productType = "com.apple.product-type.bundle.ui-testing";
		};
/* End PBXNativeTarget section */

/* Begin PBXProject section */
		6319A8922B094739007C69A0 /* Project object */ = {
			isa = PBXProject;
			attributes = {
				BuildIndependentTargetsInParallel = 1;
				LastSwiftUpdateCheck = 1500;
				LastUpgradeCheck = 1500;
				TargetAttributes = {
					6319A8992B094739007C69A0 = {
						CreatedOnToolsVersion = 15.0.1;
					};
					6319A8AF2B09473A007C69A0 = {
						CreatedOnToolsVersion = 15.0.1;
						TestTargetID = 6319A8992B094739007C69A0;
					};
					6319A8B92B09473A007C69A0 = {
						CreatedOnToolsVersion = 15.0.1;
						TestTargetID = 6319A8992B094739007C69A0;
					};
				};
			};
			buildConfigurationList = 6319A8952B094739007C69A0 /* Build configuration list for PBXProject "MVP" */;
			compatibilityVersion = "Xcode 14.0";
			developmentRegion = en;
			hasScannedForEncodings = 0;
			knownRegions = (
				en,
				Base,
			);
			mainGroup = 6319A8912B094739007C69A0;
			productRefGroup = 6319A89B2B094739007C69A0 /* Products */;
			projectDirPath = "";
			projectRoot = "";
			targets = (
				6319A8992B094739007C69A0 /* MVP */,
				6319A8AF2B09473A007C69A0 /* MVPTests */,
				6319A8B92B09473A007C69A0 /* MVPUITests */,
			);
		};
/* End PBXProject section */

/* Begin PBXResourcesBuildPhase section */
		6319A8982B094739007C69A0 /* Resources */ = {
			isa = PBXResourcesBuildPhase;
			buildActionMask = 2147483647;
			files = (
				6319A8AA2B094739007C69A0 /* LaunchScreen.storyboard in Resources */,
				6319A8A72B094739007C69A0 /* Assets.xcassets in Resources */,
				6319A8A52B094739007C69A0 /* Main.storyboard in Resources */,
			);
			runOnlyForDeploymentPostprocessing = 0;
		};
		6319A8AE2B09473A007C69A0 /* Resources */ = {
			isa = PBXResourcesBuildPhase;
			buildActionMask = 2147483647;
			files = (
			);
			runOnlyForDeploymentPostprocessing = 0;
		};
		6319A8B82B09473A007C69A0 /* Resources */ = {
			isa = PBXResourcesBuildPhase;
			buildActionMask = 2147483647;
			files = (
			);
			runOnlyForDeploymentPostprocessing = 0;
		};
/* End PBXResourcesBuildPhase section */

/* Begin PBXSourcesBuildPhase section */
		6319A8962B094739007C69A0 /* Sources */ = {
			isa = PBXSourcesBuildPhase;
			buildActionMask = 2147483647;
			files = (
				6319A8A22B094739007C69A0 /* UsersViewController.swift in Sources */,
				6319A89E2B094739007C69A0 /* AppDelegate.swift in Sources */,
				6319A8D52B094ADD007C69A0 /* User.swift in Sources */,
				6319A8D32B094910007C69A0 /* Presenter.swift in Sources */,
				6319A8A02B094739007C69A0 /* SceneDelegate.swift in Sources */,
			);
			runOnlyForDeploymentPostprocessing = 0;
		};
		6319A8AC2B09473A007C69A0 /* Sources */ = {
			isa = PBXSourcesBuildPhase;
			buildActionMask = 2147483647;
			files = (
				6319A8B52B09473A007C69A0 /* MVPTests.swift in Sources */,
			);
			runOnlyForDeploymentPostprocessing = 0;
		};
		6319A8B62B09473A007C69A0 /* Sources */ = {
			isa = PBXSourcesBuildPhase;
			buildActionMask = 2147483647;
			files = (
				6319A8C12B09473A007C69A0 /* MVPUITestsLaunchTests.swift in Sources */,
				6319A8BF2B09473A007C69A0 /* MVPUITests.swift in Sources */,
			);
			runOnlyForDeploymentPostprocessing = 0;
		};
/* End PBXSourcesBuildPhase section */

/* Begin PBXTargetDependency section */
		6319A8B22B09473A007C69A0 /* PBXTargetDependency */ = {
			isa = PBXTargetDependency;
			target = 6319A8992B094739007C69A0 /* MVP */;
			targetProxy = 6319A8B12B09473A007C69A0 /* PBXContainerItemProxy */;
		};
		6319A8BC2B09473A007C69A0 /* PBXTargetDependency */ = {
			isa = PBXTargetDependency;
			target = 6319A8992B094739007C69A0 /* MVP */;
			targetProxy = 6319A8BB2B09473A007C69A0 /* PBXContainerItemProxy */;
		};
/* End PBXTargetDependency section */

/* Begin PBXVariantGroup section */
		6319A8A32B094739007C69A0 /* Main.storyboard */ = {
			isa = PBXVariantGroup;
			children = (
				6319A8A42B094739007C69A0 /* Base */,
			);
			name = Main.storyboard;
			sourceTree = "<group>";
		};
		6319A8A82B094739007C69A0 /* LaunchScreen.storyboard */ = {
			isa = PBXVariantGroup;
			children = (
				6319A8A92B094739007C69A0 /* Base */,
			);
			name = LaunchScreen.storyboard;
			sourceTree = "<group>";
		};
/* End PBXVariantGroup section */

/* Begin XCBuildConfiguration section */
		6319A8C22B09473A007C69A0 /* Debug */ = {
			isa = XCBuildConfiguration;
			buildSettings = {
				ALWAYS_SEARCH_USER_PATHS = NO;
				ASSETCATALOG_COMPILER_GENERATE_SWIFT_ASSET_SYMBOL_EXTENSIONS = YES;
				CLANG_ANALYZER_NONNULL = YES;
				CLANG_ANALYZER_NUMBER_OBJECT_CONVERSION = YES_AGGRESSIVE;
				CLANG_CXX_LANGUAGE_STANDARD = "gnu++20";
				CLANG_ENABLE_MODULES = YES;
				CLANG_ENABLE_OBJC_ARC = YES;
				CLANG_ENABLE_OBJC_WEAK = YES;
				CLANG_WARN_BLOCK_CAPTURE_AUTORELEASING = YES;
				CLANG_WARN_BOOL_CONVERSION = YES;
				CLANG_WARN_COMMA = YES;
				CLANG_WARN_CONSTANT_CONVERSION = YES;
				CLANG_WARN_DEPRECATED_OBJC_IMPLEMENTATIONS = YES;
				CLANG_WARN_DIRECT_OBJC_ISA_USAGE = YES_ERROR;
				CLANG_WARN_DOCUMENTATION_COMMENTS = YES;
				CLANG_WARN_EMPTY_BODY = YES;
				CLANG_WARN_ENUM_CONVERSION = YES;
				CLANG_WARN_INFINITE_RECURSION = YES;
				CLANG_WARN_INT_CONVERSION = YES;
				CLANG_WARN_NON_LITERAL_NULL_CONVERSION = YES;
				CLANG_WARN_OBJC_IMPLICIT_RETAIN_SELF = YES;
				CLANG_WARN_OBJC_LITERAL_CONVERSION = YES;
				CLANG_WARN_OBJC_ROOT_CLASS = YES_ERROR;
				CLANG_WARN_QUOTED_INCLUDE_IN_FRAMEWORK_HEADER = YES;
				CLANG_WARN_RANGE_LOOP_ANALYSIS = YES;
				CLANG_WARN_STRICT_PROTOTYPES = YES;
				CLANG_WARN_SUSPICIOUS_MOVE = YES;
				CLANG_WARN_UNGUARDED_AVAILABILITY = YES_AGGRESSIVE;
				CLANG_WARN_UNREACHABLE_CODE = YES;
				CLANG_WARN__DUPLICATE_METHOD_MATCH = YES;
				COPY_PHASE_STRIP = NO;
				DEBUG_INFORMATION_FORMAT = dwarf;
				ENABLE_STRICT_OBJC_MSGSEND = YES;
				ENABLE_TESTABILITY = YES;
				ENABLE_USER_SCRIPT_SANDBOXING = YES;
				GCC_C_LANGUAGE_STANDARD = gnu17;
				GCC_DYNAMIC_NO_PIC = NO;
				GCC_NO_COMMON_BLOCKS = YES;
				GCC_OPTIMIZATION_LEVEL = 0;
				GCC_PREPROCESSOR_DEFINITIONS = (
					"DEBUG=1",
					"$(inherited)",
				);
				GCC_WARN_64_TO_32_BIT_CONVERSION = YES;
				GCC_WARN_ABOUT_RETURN_TYPE = YES_ERROR;
				GCC_WARN_UNDECLARED_SELECTOR = YES;
				GCC_WARN_UNINITIALIZED_AUTOS = YES_AGGRESSIVE;
				GCC_WARN_UNUSED_FUNCTION = YES;
				GCC_WARN_UNUSED_VARIABLE = YES;
				IPHONEOS_DEPLOYMENT_TARGET = 17.0;
				LOCALIZATION_PREFERS_STRING_CATALOGS = YES;
				MTL_ENABLE_DEBUG_INFO = INCLUDE_SOURCE;
				MTL_FAST_MATH = YES;
				ONLY_ACTIVE_ARCH = YES;
				SDKROOT = iphoneos;
				SWIFT_ACTIVE_COMPILATION_CONDITIONS = "DEBUG $(inherited)";
				SWIFT_OPTIMIZATION_LEVEL = "-Onone";
			};
			name = Debug;
		};
		6319A8C32B09473A007C69A0 /* Release */ = {
			isa = XCBuildConfiguration;
			buildSettings = {
				ALWAYS_SEARCH_USER_PATHS = NO;
				ASSETCATALOG_COMPILER_GENERATE_SWIFT_ASSET_SYMBOL_EXTENSIONS = YES;
				CLANG_ANALYZER_NONNULL = YES;
				CLANG_ANALYZER_NUMBER_OBJECT_CONVERSION = YES_AGGRESSIVE;
				CLANG_CXX_LANGUAGE_STANDARD = "gnu++20";
				CLANG_ENABLE_MODULES = YES;
				CLANG_ENABLE_OBJC_ARC = YES;
				CLANG_ENABLE_OBJC_WEAK = YES;
				CLANG_WARN_BLOCK_CAPTURE_AUTORELEASING = YES;
				CLANG_WARN_BOOL_CONVERSION = YES;
				CLANG_WARN_COMMA = YES;
				CLANG_WARN_CONSTANT_CONVERSION = YES;
				CLANG_WARN_DEPRECATED_OBJC_IMPLEMENTATIONS = YES;
				CLANG_WARN_DIRECT_OBJC_ISA_USAGE = YES_ERROR;
				CLANG_WARN_DOCUMENTATION_COMMENTS = YES;
				CLANG_WARN_EMPTY_BODY = YES;
				CLANG_WARN_ENUM_CONVERSION = YES;
				CLANG_WARN_INFINITE_RECURSION = YES;
				CLANG_WARN_INT_CONVERSION = YES;
				CLANG_WARN_NON_LITERAL_NULL_CONVERSION = YES;
				CLANG_WARN_OBJC_IMPLICIT_RETAIN_SELF = YES;
				CLANG_WARN_OBJC_LITERAL_CONVERSION = YES;
				CLANG_WARN_OBJC_ROOT_CLASS = YES_ERROR;
				CLANG_WARN_QUOTED_INCLUDE_IN_FRAMEWORK_HEADER = YES;
				CLANG_WARN_RANGE_LOOP_ANALYSIS = YES;
				CLANG_WARN_STRICT_PROTOTYPES = YES;
				CLANG_WARN_SUSPICIOUS_MOVE = YES;
				CLANG_WARN_UNGUARDED_AVAILABILITY = YES_AGGRESSIVE;
				CLANG_WARN_UNREACHABLE_CODE = YES;
				CLANG_WARN__DUPLICATE_METHOD_MATCH = YES;
				COPY_PHASE_STRIP = NO;
				DEBUG_INFORMATION_FORMAT = "dwarf-with-dsym";
				ENABLE_NS_ASSERTIONS = NO;
				ENABLE_STRICT_OBJC_MSGSEND = YES;
				ENABLE_USER_SCRIPT_SANDBOXING = YES;
				GCC_C_LANGUAGE_STANDARD = gnu17;
				GCC_NO_COMMON_BLOCKS = YES;
				GCC_WARN_64_TO_32_BIT_CONVERSION = YES;
				GCC_WARN_ABOUT_RETURN_TYPE = YES_ERROR;
				GCC_WARN_UNDECLARED_SELECTOR = YES;
				GCC_WARN_UNINITIALIZED_AUTOS = YES_AGGRESSIVE;
				GCC_WARN_UNUSED_FUNCTION = YES;
				GCC_WARN_UNUSED_VARIABLE = YES;
				IPHONEOS_DEPLOYMENT_TARGET = 17.0;
				LOCALIZATION_PREFERS_STRING_CATALOGS = YES;
				MTL_ENABLE_DEBUG_INFO = NO;
				MTL_FAST_MATH = YES;
				SDKROOT = iphoneos;
				SWIFT_COMPILATION_MODE = wholemodule;
				VALIDATE_PRODUCT = YES;
			};
			name = Release;
		};
		6319A8C52B09473A007C69A0 /* Debug */ = {
			isa = XCBuildConfiguration;
			buildSettings = {
				ASSETCATALOG_COMPILER_APPICON_NAME = AppIcon;
				ASSETCATALOG_COMPILER_GLOBAL_ACCENT_COLOR_NAME = AccentColor;
				CODE_SIGN_STYLE = Automatic;
				CURRENT_PROJECT_VERSION = 1;
				DEVELOPMENT_TEAM = QSKBQ22VF6;
				GENERATE_INFOPLIST_FILE = YES;
				INFOPLIST_FILE = MVP/Resources/Info.plist;
				INFOPLIST_KEY_UIApplicationSupportsIndirectInputEvents = YES;
				INFOPLIST_KEY_UILaunchStoryboardName = LaunchScreen;
				INFOPLIST_KEY_UIMainStoryboardFile = Main;
				INFOPLIST_KEY_UISupportedInterfaceOrientations_iPad = "UIInterfaceOrientationPortrait UIInterfaceOrientationPortraitUpsideDown UIInterfaceOrientationLandscapeLeft UIInterfaceOrientationLandscapeRight";
				INFOPLIST_KEY_UISupportedInterfaceOrientations_iPhone = "UIInterfaceOrientationPortrait UIInterfaceOrientationLandscapeLeft UIInterfaceOrientationLandscapeRight";
				LD_RUNPATH_SEARCH_PATHS = (
					"$(inherited)",
					"@executable_path/Frameworks",
				);
				MARKETING_VERSION = 1.0;
				PRODUCT_BUNDLE_IDENTIFIER = work.MVP;
				PRODUCT_NAME = "$(TARGET_NAME)";
				SWIFT_EMIT_LOC_STRINGS = YES;
				SWIFT_VERSION = 5.0;
				TARGETED_DEVICE_FAMILY = "1,2";
			};
			name = Debug;
		};
		6319A8C62B09473A007C69A0 /* Release */ = {
			isa = XCBuildConfiguration;
			buildSettings = {
				ASSETCATALOG_COMPILER_APPICON_NAME = AppIcon;
				ASSETCATALOG_COMPILER_GLOBAL_ACCENT_COLOR_NAME = AccentColor;
				CODE_SIGN_STYLE = Automatic;
				CURRENT_PROJECT_VERSION = 1;
				DEVELOPMENT_TEAM = QSKBQ22VF6;
				GENERATE_INFOPLIST_FILE = YES;
				INFOPLIST_FILE = MVP/Resources/Info.plist;
				INFOPLIST_KEY_UIApplicationSupportsIndirectInputEvents = YES;
				INFOPLIST_KEY_UILaunchStoryboardName = LaunchScreen;
				INFOPLIST_KEY_UIMainStoryboardFile = Main;
				INFOPLIST_KEY_UISupportedInterfaceOrientations_iPad = "UIInterfaceOrientationPortrait UIInterfaceOrientationPortraitUpsideDown UIInterfaceOrientationLandscapeLeft UIInterfaceOrientationLandscapeRight";
				INFOPLIST_KEY_UISupportedInterfaceOrientations_iPhone = "UIInterfaceOrientationPortrait UIInterfaceOrientationLandscapeLeft UIInterfaceOrientationLandscapeRight";
				LD_RUNPATH_SEARCH_PATHS = (
					"$(inherited)",
					"@executable_path/Frameworks",
				);
				MARKETING_VERSION = 1.0;
				PRODUCT_BUNDLE_IDENTIFIER = work.MVP;
				PRODUCT_NAME = "$(TARGET_NAME)";
				SWIFT_EMIT_LOC_STRINGS = YES;
				SWIFT_VERSION = 5.0;
				TARGETED_DEVICE_FAMILY = "1,2";
			};
			name = Release;
		};
		6319A8C82B09473A007C69A0 /* Debug */ = {
			isa = XCBuildConfiguration;
			buildSettings = {
				ALWAYS_EMBED_SWIFT_STANDARD_LIBRARIES = YES;
				BUNDLE_LOADER = "$(TEST_HOST)";
				CODE_SIGN_STYLE = Automatic;
				CURRENT_PROJECT_VERSION = 1;
				DEVELOPMENT_TEAM = QSKBQ22VF6;
				GENERATE_INFOPLIST_FILE = YES;
				IPHONEOS_DEPLOYMENT_TARGET = 17.0;
				MARKETING_VERSION = 1.0;
				PRODUCT_BUNDLE_IDENTIFIER = work.MVPTests;
				PRODUCT_NAME = "$(TARGET_NAME)";
				SWIFT_EMIT_LOC_STRINGS = NO;
				SWIFT_VERSION = 5.0;
				TARGETED_DEVICE_FAMILY = "1,2";
				TEST_HOST = "$(BUILT_PRODUCTS_DIR)/MVP.app/$(BUNDLE_EXECUTABLE_FOLDER_PATH)/MVP";
			};
			name = Debug;
		};
		6319A8C92B09473A007C69A0 /* Release */ = {
			isa = XCBuildConfiguration;
			buildSettings = {
				ALWAYS_EMBED_SWIFT_STANDARD_LIBRARIES = YES;
				BUNDLE_LOADER = "$(TEST_HOST)";
				CODE_SIGN_STYLE = Automatic;
				CURRENT_PROJECT_VERSION = 1;
				DEVELOPMENT_TEAM = QSKBQ22VF6;
				GENERATE_INFOPLIST_FILE = YES;
				IPHONEOS_DEPLOYMENT_TARGET = 17.0;
				MARKETING_VERSION = 1.0;
				PRODUCT_BUNDLE_IDENTIFIER = work.MVPTests;
				PRODUCT_NAME = "$(TARGET_NAME)";
				SWIFT_EMIT_LOC_STRINGS = NO;
				SWIFT_VERSION = 5.0;
				TARGETED_DEVICE_FAMILY = "1,2";
				TEST_HOST = "$(BUILT_PRODUCTS_DIR)/MVP.app/$(BUNDLE_EXECUTABLE_FOLDER_PATH)/MVP";
			};
			name = Release;
		};
		6319A8CB2B09473A007C69A0 /* Debug */ = {
			isa = XCBuildConfiguration;
			buildSettings = {
				ALWAYS_EMBED_SWIFT_STANDARD_LIBRARIES = YES;
				CODE_SIGN_STYLE = Automatic;
				CURRENT_PROJECT_VERSION = 1;
				DEVELOPMENT_TEAM = QSKBQ22VF6;
				GENERATE_INFOPLIST_FILE = YES;
				MARKETING_VERSION = 1.0;
				PRODUCT_BUNDLE_IDENTIFIER = work.MVPUITests;
				PRODUCT_NAME = "$(TARGET_NAME)";
				SWIFT_EMIT_LOC_STRINGS = NO;
				SWIFT_VERSION = 5.0;
				TARGETED_DEVICE_FAMILY = "1,2";
				TEST_TARGET_NAME = MVP;
			};
			name = Debug;
		};
		6319A8CC2B09473A007C69A0 /* Release */ = {
			isa = XCBuildConfiguration;
			buildSettings = {
				ALWAYS_EMBED_SWIFT_STANDARD_LIBRARIES = YES;
				CODE_SIGN_STYLE = Automatic;
				CURRENT_PROJECT_VERSION = 1;
				DEVELOPMENT_TEAM = QSKBQ22VF6;
				GENERATE_INFOPLIST_FILE = YES;
				MARKETING_VERSION = 1.0;
				PRODUCT_BUNDLE_IDENTIFIER = work.MVPUITests;
				PRODUCT_NAME = "$(TARGET_NAME)";
				SWIFT_EMIT_LOC_STRINGS = NO;
				SWIFT_VERSION = 5.0;
				TARGETED_DEVICE_FAMILY = "1,2";
				TEST_TARGET_NAME = MVP;
			};
			name = Release;
		};
/* End XCBuildConfiguration section */

/* Begin XCConfigurationList section */
		6319A8952B094739007C69A0 /* Build configuration list for PBXProject "MVP" */ = {
			isa = XCConfigurationList;
			buildConfigurations = (
				6319A8C22B09473A007C69A0 /* Debug */,
				6319A8C32B09473A007C69A0 /* Release */,
			);
			defaultConfigurationIsVisible = 0;
			defaultConfigurationName = Release;
		};
		6319A8C42B09473A007C69A0 /* Build configuration list for PBXNativeTarget "MVP" */ = {
			isa = XCConfigurationList;
			buildConfigurations = (
				6319A8C52B09473A007C69A0 /* Debug */,
				6319A8C62B09473A007C69A0 /* Release */,
			);
			defaultConfigurationIsVisible = 0;
			defaultConfigurationName = Release;
		};
		6319A8C72B09473A007C69A0 /* Build configuration list for PBXNativeTarget "MVPTests" */ = {
			isa = XCConfigurationList;
			buildConfigurations = (
				6319A8C82B09473A007C69A0 /* Debug */,
				6319A8C92B09473A007C69A0 /* Release */,
			);
			defaultConfigurationIsVisible = 0;
			defaultConfigurationName = Release;
		};
		6319A8CA2B09473A007C69A0 /* Build configuration list for PBXNativeTarget "MVPUITests" */ = {
			isa = XCConfigurationList;
			buildConfigurations = (
				6319A8CB2B09473A007C69A0 /* Debug */,
				6319A8CC2B09473A007C69A0 /* Release */,
			);
			defaultConfigurationIsVisible = 0;
			defaultConfigurationName = Release;
		};
/* End XCConfigurationList section */
	};
	rootObject = 6319A8922B094739007C69A0 /* Project object */;
}
